uuid: 99b14ebe-91d2-460b-b927-7b2002d6eb41
langcode: en
status: true
dependencies:
  config:
    - views.view.article_cards
  module:
    - cohesion
    - views
  theme:
    - stable
_core:
  default_config_hash: zNzPjKq5RKygTsy5sftev7knAOWVDBWm9h6VsqLLsHU
id: stable_views_block__article_cards_recent_articles_block
theme: stable
region: sidebar_first
weight: 0
provider: null
plugin: 'views_block:article_cards-recent_articles_block'
settings:
  id: 'views_block:article_cards-recent_articles_block'
  label: ''
  provider: views
  label_display: visible
  views_label: ''
  items_per_page: none
visibility:
  cohesion_master_template:
    id: cohesion_master_template
    using_master_template: 0
    negate: false
