uuid: e03b4e0f-69f1-464f-ba57-2c1bfd87e272
langcode: en
status: true
dependencies:
  config:
    - views.view.event_cards
  module:
    - cohesion
    - views
  theme:
    - cohesion_theme
_core:
  default_config_hash: Qxj-sXWoY-OjpWmNcQPE4nysULMQ4O_Cir1hoty6jZo
id: views_block__event_cards_upcoming_events_block
theme: cohesion_theme
region: dx8_hidden
weight: 0
provider: null
plugin: 'views_block:event_cards-upcoming_events_block'
settings:
  id: 'views_block:event_cards-upcoming_events_block'
  label: ''
  label_display: visible
  provider: views
  views_label: ''
  items_per_page: none
visibility:
  cohesion_master_template:
    id: cohesion_master_template
    using_master_template: 0
    negate: false
